
Microsoft Visual Studio Solution File, Format Version 12.00
# Visual Studio Version 17
VisualStudioVersion = 17.0.31903.59
MinimumVisualStudioVersion = 10.0.40219.1
Project("{FAE04EC0-301F-11D3-BF4B-00C04F79EFBC}") = "GenericTypeType", "GenericTypeType\GenericTypeType.csproj", "{1C150AF9-65DC-46E1-9573-D994CB91450E}"
EndProject
Project("{FAE04EC0-301F-11D3-BF4B-00C04F79EFBC}") = "GenericTypeType.Tests", "GenericTypeType.Tests\GenericTypeType.Tests.csproj", "{1DC71727-0A1E-4102-A827-A740F974669C}"
EndProject
Global
	GlobalSection(SolutionConfigurationPlatforms) = preSolution
		Debug|Any CPU = Debug|Any CPU
		Release|Any CPU = Release|Any CPU
	EndGlobalSection
	GlobalSection(SolutionProperties) = preSolution
		HideSolutionNode = FALSE
	EndGlobalSection
	GlobalSection(ProjectConfigurationPlatforms) = postSolution
		{1C150AF9-65DC-46E1-9573-D994CB91450E}.Debug|Any CPU.ActiveCfg = Debug|Any CPU
		{1C150AF9-65DC-46E1-9573-D994CB91450E}.Debug|Any CPU.Build.0 = Debug|Any CPU
		{1C150AF9-65DC-46E1-9573-D994CB91450E}.Release|Any CPU.ActiveCfg = Release|Any CPU
		{1C150AF9-65DC-46E1-9573-D994CB91450E}.Release|Any CPU.Build.0 = Release|Any CPU
		{1DC71727-0A1E-4102-A827-A740F974669C}.Debug|Any CPU.ActiveCfg = Debug|Any CPU
		{1DC71727-0A1E-4102-A827-A740F974669C}.Debug|Any CPU.Build.0 = Debug|Any CPU
		{1DC71727-0A1E-4102-A827-A740F974669C}.Release|Any CPU.ActiveCfg = Release|Any CPU
		{1DC71727-0A1E-4102-A827-A740F974669C}.Release|Any CPU.Build.0 = Release|Any CPU
	EndGlobalSection
EndGlobal
